
Microsoft Visual Studio Solution File, Format Version 12.00
# Visual Studio Version 16
VisualStudioVersion = 16.0.31129.286
MinimumVisualStudioVersion = 10.0.40219.1
Project("{FAE04EC0-301F-11D3-BF4B-00C04F79EFBC}") = "AVeryGlitchy2DConsoleGame", "AVeryGlitchy2DConsoleGame\AVeryGlitchy2DConsoleGame.csproj", "{3512AC07-7358-4F2E-A2AD-3DED15E11C44}"
EndProject
Global
	GlobalSection(SolutionConfigurationPlatforms) = preSolution
		Debug|Any CPU = Debug|Any CPU
		Release|Any CPU = Release|Any CPU
	EndGlobalSection
	GlobalSection(ProjectConfigurationPlatforms) = postSolution
		{3512AC07-7358-4F2E-A2AD-3DED15E11C44}.Debug|Any CPU.ActiveCfg = Debug|Any CPU
		{3512AC07-7358-4F2E-A2AD-3DED15E11C44}.Debug|Any CPU.Build.0 = Debug|Any CPU
		{3512AC07-7358-4F2E-A2AD-3DED15E11C44}.Release|Any CPU.ActiveCfg = Release|Any CPU
		{3512AC07-7358-4F2E-A2AD-3DED15E11C44}.Release|Any CPU.Build.0 = Release|Any CPU
	EndGlobalSection
	GlobalSection(SolutionProperties) = preSolution
		HideSolutionNode = FALSE
	EndGlobalSection
	GlobalSection(ExtensibilityGlobals) = postSolution
		SolutionGuid = {822B8882-75E2-4251-8DAA-4210A4D2F1D4}
	EndGlobalSection
EndGlobal
